
Microsoft Visual Studio Solution File, Format Version 12.00
# Visual Studio Version 16
VisualStudioVersion = 16.0.31515.178
MinimumVisualStudioVersion = 10.0.40219.1
Project("{FAE04EC0-301F-11D3-BF4B-00C04F79EFBC}") = "Static modifier HW", "Static modifier HW\Static modifier HW.csproj", "{32466C37-3DC9-4D93-942B-7F44BE2AAE47}"
EndProject
Global
	GlobalSection(SolutionConfigurationPlatforms) = preSolution
		Debug|Any CPU = Debug|Any CPU
		Release|Any CPU = Release|Any CPU
	EndGlobalSection
	GlobalSection(ProjectConfigurationPlatforms) = postSolution
		{32466C37-3DC9-4D93-942B-7F44BE2AAE47}.Debug|Any CPU.ActiveCfg = Debug|Any CPU
		{32466C37-3DC9-4D93-942B-7F44BE2AAE47}.Debug|Any CPU.Build.0 = Debug|Any CPU
		{32466C37-3DC9-4D93-942B-7F44BE2AAE47}.Release|Any CPU.ActiveCfg = Release|Any CPU
		{32466C37-3DC9-4D93-942B-7F44BE2AAE47}.Release|Any CPU.Build.0 = Release|Any CPU
	EndGlobalSection
	GlobalSection(SolutionProperties) = preSolution
		HideSolutionNode = FALSE
	EndGlobalSection
	GlobalSection(ExtensibilityGlobals) = postSolution
		SolutionGuid = {487F29F1-9CB6-4579-B975-A0C403080472}
	EndGlobalSection
EndGlobal
